// !$*UTF8*$!
{
	archiveVersion = 1;
	classes = {
	};
	objectVersion = 50;
	objects = {

/* Begin PBXBuildFile section */
		CFADBF9124EC570A0027C480 /* Model.swift in Sources */ = {isa = PBXBuildFile; fileRef = CFADBF9024EC570A0027C480 /* Model.swift */; };
		CFADBF9324EC948C0027C480 /* DetailView.swift in Sources */ = {isa = PBXBuildFile; fileRef = CFADBF9224EC948C0027C480 /* DetailView.swift */; };
		CFE175E324EC4EB600E709BC /* AppDelegate.swift in Sources */ = {isa = PBXBuildFile; fileRef = CFE175E224EC4EB600E709BC /* AppDelegate.swift */; };
		CFE175E524EC4EB600E709BC /* SceneDelegate.swift in Sources */ = {isa = PBXBuildFile; fileRef = CFE175E424EC4EB600E709BC /* SceneDelegate.swift */; };
		CFE175EA24EC4EB600E709BC /* Main.storyboard in Resources */ = {isa = PBXBuildFile; fileRef = CFE175E824EC4EB600E709BC /* Main.storyboard */; };
		CFE175EC24EC4EB700E709BC /* Assets.xcassets in Resources */ = {isa = PBXBuildFile; fileRef = CFE175EB24EC4EB700E709BC /* Assets.xcassets */; };
		CFE175EF24EC4EB700E709BC /* LaunchScreen.storyboard in Resources */ = {isa = PBXBuildFile; fileRef = CFE175ED24EC4EB700E709BC /* LaunchScreen.storyboard */; };
		CFE175F724EC4F6A00E709BC /* SubredditListViewTableViewController.swift in Sources */ = {isa = PBXBuildFile; fileRef = CFE175F624EC4F6A00E709BC /* SubredditListViewTableViewController.swift */; };
		CFE175F924EC50FC00E709BC /* ListViewCell.swift in Sources */ = {isa = PBXBuildFile; fileRef = CFE175F824EC50FC00E709BC /* ListViewCell.swift */; };
/* End PBXBuildFile section */

/* Begin PBXFileReference section */
		CFADBF9024EC570A0027C480 /* Model.swift */ = {isa = PBXFileReference; lastKnownFileType = sourcecode.swift; path = Model.swift; sourceTree = "<group>"; };
		CFADBF9224EC948C0027C480 /* DetailView.swift */ = {isa = PBXFileReference; lastKnownFileType = sourcecode.swift; path = DetailView.swift; sourceTree = "<group>"; };
		CFE175DF24EC4EB600E709BC /* Reddit Code Challenge.app */ = {isa = PBXFileReference; explicitFileType = wrapper.application; includeInIndex = 0; path = "Reddit Code Challenge.app"; sourceTree = BUILT_PRODUCTS_DIR; };
		CFE175E224EC4EB600E709BC /* AppDelegate.swift */ = {isa = PBXFileReference; lastKnownFileType = sourcecode.swift; path = AppDelegate.swift; sourceTree = "<group>"; };
		CFE175E424EC4EB600E709BC /* SceneDelegate.swift */ = {isa = PBXFileReference; lastKnownFileType = sourcecode.swift; path = SceneDelegate.swift; sourceTree = "<group>"; };
		CFE175E924EC4EB600E709BC /* Base */ = {isa = PBXFileReference; lastKnownFileType = file.storyboard; name = Base; path = Base.lproj/Main.storyboard; sourceTree = "<group>"; };
		CFE175EB24EC4EB700E709BC /* Assets.xcassets */ = {isa = PBXFileReference; lastKnownFileType = folder.assetcatalog; path = Assets.xcassets; sourceTree = "<group>"; };
		CFE175EE24EC4EB700E709BC /* Base */ = {isa = PBXFileReference; lastKnownFileType = file.storyboard; name = Base; path = Base.lproj/LaunchScreen.storyboard; sourceTree = "<group>"; };
		CFE175F024EC4EB700E709BC /* Info.plist */ = {isa = PBXFileReference; lastKnownFileType = text.plist.xml; path = Info.plist; sourceTree = "<group>"; };
		CFE175F624EC4F6A00E709BC /* SubredditListViewTableViewController.swift */ = {isa = PBXFileReference; lastKnownFileType = sourcecode.swift; path = SubredditListViewTableViewController.swift; sourceTree = "<group>"; };
		CFE175F824EC50FC00E709BC /* ListViewCell.swift */ = {isa = PBXFileReference; lastKnownFileType = sourcecode.swift; path = ListViewCell.swift; sourceTree = "<group>"; };
/* End PBXFileReference section */

/* Begin PBXFrameworksBuildPhase section */
		CFE175DC24EC4EB600E709BC /* Frameworks */ = {
			isa = PBXFrameworksBuildPhase;
			buildActionMask = 2147483647;
			files = (
			);
			runOnlyForDeploymentPostprocessing = 0;
		};
/* End PBXFrameworksBuildPhase section */

/* Begin PBXGroup section */
		CFA09ED024F1A68E00908F60 /* Views */ = {
			isa = PBXGroup;
			children = (
				CFE175F624EC4F6A00E709BC /* SubredditListViewTableViewController.swift */,
				CFE175F824EC50FC00E709BC /* ListViewCell.swift */,
				CFADBF9224EC948C0027C480 /* DetailView.swift */,
			);
			path = Views;
			sourceTree = "<group>";
		};
		CFA09ED124F1A6AC00908F60 /* Model */ = {
			isa = PBXGroup;
			children = (
				CFADBF9024EC570A0027C480 /* Model.swift */,
			);
			path = Model;
			sourceTree = "<group>";
		};
		CFE175D624EC4EB600E709BC = {
			isa = PBXGroup;
			children = (
				CFE175E124EC4EB600E709BC /* Reddit Code Challenge */,
				CFE175E024EC4EB600E709BC /* Products */,
			);
			sourceTree = "<group>";
		};
		CFE175E024EC4EB600E709BC /* Products */ = {
			isa = PBXGroup;
			children = (
				CFE175DF24EC4EB600E709BC /* Reddit Code Challenge.app */,
			);
			name = Products;
			sourceTree = "<group>";
		};
		CFE175E124EC4EB600E709BC /* Reddit Code Challenge */ = {
			isa = PBXGroup;
			children = (
				CFA09ED124F1A6AC00908F60 /* Model */,
				CFA09ED024F1A68E00908F60 /* Views */,
				CFE175E424EC4EB600E709BC /* SceneDelegate.swift */,
				CFE175E224EC4EB600E709BC /* AppDelegate.swift */,
				CFE175EB24EC4EB700E709BC /* Assets.xcassets */,
				CFE175E824EC4EB600E709BC /* Main.storyboard */,
				CFE175ED24EC4EB700E709BC /* LaunchScreen.storyboard */,
				CFE175F024EC4EB700E709BC /* Info.plist */,
			);
			path = "Reddit Code Challenge";
			sourceTree = "<group>";
		};
/* End PBXGroup section */

/* Begin PBXNativeTarget section */
		CFE175DE24EC4EB600E709BC /* Reddit Code Challenge */ = {
			isa = PBXNativeTarget;
			buildConfigurationList = CFE175F324EC4EB700E709BC /* Build configuration list for PBXNativeTarget "Reddit Code Challenge" */;
			buildPhases = (
				CFE175DB24EC4EB600E709BC /* Sources */,
				CFE175DC24EC4EB600E709BC /* Frameworks */,
				CFE175DD24EC4EB600E709BC /* Resources */,
			);
			buildRules = (
			);
			dependencies = (
			);
			name = "Reddit Code Challenge";
			productName = "Reddit Code Challenge";
			productReference = CFE175DF24EC4EB600E709BC /* Reddit Code Challenge.app */;
			productType = "com.apple.product-type.application";
		};
/* End PBXNativeTarget section */

/* Begin PBXProject section */
		CFE175D724EC4EB600E709BC /* Project object */ = {
			isa = PBXProject;
			attributes = {
				LastSwiftUpdateCheck = 1160;
				LastUpgradeCheck = 1160;
				ORGANIZATIONNAME = "Frank Foster";
				TargetAttributes = {
					CFE175DE24EC4EB600E709BC = {
						CreatedOnToolsVersion = 11.6;
					};
				};
			};
			buildConfigurationList = CFE175DA24EC4EB600E709BC /* Build configuration list for PBXProject "Reddit Code Challenge" */;
			compatibilityVersion = "Xcode 9.3";
			developmentRegion = en;
			hasScannedForEncodings = 0;
			knownRegions = (
				en,
				Base,
			);
			mainGroup = CFE175D624EC4EB600E709BC;
			productRefGroup = CFE175E024EC4EB600E709BC /* Products */;
			projectDirPath = "";
			projectRoot = "";
			targets = (
				CFE175DE24EC4EB600E709BC /* Reddit Code Challenge */,
			);
		};
/* End PBXProject section */

/* Begin PBXResourcesBuildPhase section */
		CFE175DD24EC4EB600E709BC /* Resources */ = {
			isa = PBXResourcesBuildPhase;
			buildActionMask = 2147483647;
			files = (
				CFE175EF24EC4EB700E709BC /* LaunchScreen.storyboard in Resources */,
				CFE175EC24EC4EB700E709BC /* Assets.xcassets in Resources */,
				CFE175EA24EC4EB600E709BC /* Main.storyboard in Resources */,
			);
			runOnlyForDeploymentPostprocessing = 0;
		};
/* End PBXResourcesBuildPhase section */

/* Begin PBXSourcesBuildPhase section */
		CFE175DB24EC4EB600E709BC /* Sources */ = {
			isa = PBXSourcesBuildPhase;
			buildActionMask = 2147483647;
			files = (
				CFADBF9124EC570A0027C480 /* Model.swift in Sources */,
				CFADBF9324EC948C0027C480 /* DetailView.swift in Sources */,
				CFE175F924EC50FC00E709BC /* ListViewCell.swift in Sources */,
				CFE175E324EC4EB600E709BC /* AppDelegate.swift in Sources */,
				CFE175F724EC4F6A00E709BC /* SubredditListViewTableViewController.swift in Sources */,
				CFE175E524EC4EB600E709BC /* SceneDelegate.swift in Sources */,
			);
			runOnlyForDeploymentPostprocessing = 0;
		};
/* End PBXSourcesBuildPhase section */

/* Begin PBXVariantGroup section */
		CFE175E824EC4EB600E709BC /* Main.storyboard */ = {
			isa = PBXVariantGroup;
			children = (
				CFE175E924EC4EB600E709BC /* Base */,
			);
			name = Main.storyboard;
			sourceTree = "<group>";
		};
		CFE175ED24EC4EB700E709BC /* LaunchScreen.storyboard */ = {
			isa = PBXVariantGroup;
			children = (
				CFE175EE24EC4EB700E709BC /* Base */,
			);
			name = LaunchScreen.storyboard;
			sourceTree = "<group>";
		};
/* End PBXVariantGroup section */

/* Begin XCBuildConfiguration section */
		CFE175F124EC4EB700E709BC /* Debug */ = {
			isa = XCBuildConfiguration;
			buildSettings = {
				ALWAYS_SEARCH_USER_PATHS = NO;
				CLANG_ANALYZER_NONNULL = YES;
				CLANG_ANALYZER_NUMBER_OBJECT_CONVERSION = YES_AGGRESSIVE;
				CLANG_CXX_LANGUAGE_STANDARD = "gnu++14";
				CLANG_CXX_LIBRARY = "libc++";
				CLANG_ENABLE_MODULES = YES;
				CLANG_ENABLE_OBJC_ARC = YES;
				CLANG_ENABLE_OBJC_WEAK = YES;
				CLANG_WARN_BLOCK_CAPTURE_AUTORELEASING = YES;
				CLANG_WARN_BOOL_CONVERSION = YES;
				CLANG_WARN_COMMA = YES;
				CLANG_WARN_CONSTANT_CONVERSION = YES;
				CLANG_WARN_DEPRECATED_OBJC_IMPLEMENTATIONS = YES;
				CLANG_WARN_DIRECT_OBJC_ISA_USAGE = YES_ERROR;
				CLANG_WARN_DOCUMENTATION_COMMENTS = YES;
				CLANG_WARN_EMPTY_BODY = YES;
				CLANG_WARN_ENUM_CONVERSION = YES;
				CLANG_WARN_INFINITE_RECURSION = YES;
				CLANG_WARN_INT_CONVERSION = YES;
				CLANG_WARN_NON_LITERAL_NULL_CONVERSION = YES;
				CLANG_WARN_OBJC_IMPLICIT_RETAIN_SELF = YES;
				CLANG_WARN_OBJC_LITERAL_CONVERSION = YES;
				CLANG_WARN_OBJC_ROOT_CLASS = YES_ERROR;
				CLANG_WARN_RANGE_LOOP_ANALYSIS = YES;
				CLANG_WARN_STRICT_PROTOTYPES = YES;
				CLANG_WARN_SUSPICIOUS_MOVE = YES;
				CLANG_WARN_UNGUARDED_AVAILABILITY = YES_AGGRESSIVE;
				CLANG_WARN_UNREACHABLE_CODE = YES;
				CLANG_WARN__DUPLICATE_METHOD_MATCH = YES;
				COPY_PHASE_STRIP = NO;
				DEBUG_INFORMATION_FORMAT = dwarf;
				ENABLE_STRICT_OBJC_MSGSEND = YES;
				ENABLE_TESTABILITY = YES;
				GCC_C_LANGUAGE_STANDARD = gnu11;
				GCC_DYNAMIC_NO_PIC = NO;
				GCC_NO_COMMON_BLOCKS = YES;
				GCC_OPTIMIZATION_LEVEL = 0;
				GCC_PREPROCESSOR_DEFINITIONS = (
					"DEBUG=1",
					"$(inherited)",
				);
				GCC_WARN_64_TO_32_BIT_CONVERSION = YES;
				GCC_WARN_ABOUT_RETURN_TYPE = YES_ERROR;
				GCC_WARN_UNDECLARED_SELECTOR = YES;
				GCC_WARN_UNINITIALIZED_AUTOS = YES_AGGRESSIVE;
				GCC_WARN_UNUSED_FUNCTION = YES;
				GCC_WARN_UNUSED_VARIABLE = YES;
				IPHONEOS_DEPLOYMENT_TARGET = 13.6;
				MTL_ENABLE_DEBUG_INFO = INCLUDE_SOURCE;
				MTL_FAST_MATH = YES;
				ONLY_ACTIVE_ARCH = YES;
				SDKROOT = iphoneos;
				SWIFT_ACTIVE_COMPILATION_CONDITIONS = DEBUG;
				SWIFT_OPTIMIZATION_LEVEL = "-Onone";
			};
			name = Debug;
		};
		CFE175F224EC4EB700E709BC /* Release */ = {
			isa = XCBuildConfiguration;
			buildSettings = {
				ALWAYS_SEARCH_USER_PATHS = NO;
				CLANG_ANALYZER_NONNULL = YES;
				CLANG_ANALYZER_NUMBER_OBJECT_CONVERSION = YES_AGGRESSIVE;
				CLANG_CXX_LANGUAGE_STANDARD = "gnu++14";
				CLANG_CXX_LIBRARY = "libc++";
				CLANG_ENABLE_MODULES = YES;
				CLANG_ENABLE_OBJC_ARC = YES;
				CLANG_ENABLE_OBJC_WEAK = YES;
				CLANG_WARN_BLOCK_CAPTURE_AUTORELEASING = YES;
				CLANG_WARN_BOOL_CONVERSION = YES;
				CLANG_WARN_COMMA = YES;
				CLANG_WARN_CONSTANT_CONVERSION = YES;
				CLANG_WARN_DEPRECATED_OBJC_IMPLEMENTATIONS = YES;
				CLANG_WARN_DIRECT_OBJC_ISA_USAGE = YES_ERROR;
				CLANG_WARN_DOCUMENTATION_COMMENTS = YES;
				CLANG_WARN_EMPTY_BODY = YES;
				CLANG_WARN_ENUM_CONVERSION = YES;
				CLANG_WARN_INFINITE_RECURSION = YES;
				CLANG_WARN_INT_CONVERSION = YES;
				CLANG_WARN_NON_LITERAL_NULL_CONVERSION = YES;
				CLANG_WARN_OBJC_IMPLICIT_RETAIN_SELF = YES;
				CLANG_WARN_OBJC_LITERAL_CONVERSION = YES;
				CLANG_WARN_OBJC_ROOT_CLASS = YES_ERROR;
				CLANG_WARN_RANGE_LOOP_ANALYSIS = YES;
				CLANG_WARN_STRICT_PROTOTYPES = YES;
				CLANG_WARN_SUSPICIOUS_MOVE = YES;
				CLANG_WARN_UNGUARDED_AVAILABILITY = YES_AGGRESSIVE;
				CLANG_WARN_UNREACHABLE_CODE = YES;
				CLANG_WARN__DUPLICATE_METHOD_MATCH = YES;
				COPY_PHASE_STRIP = NO;
				DEBUG_INFORMATION_FORMAT = "dwarf-with-dsym";
				ENABLE_NS_ASSERTIONS = NO;
				ENABLE_STRICT_OBJC_MSGSEND = YES;
				GCC_C_LANGUAGE_STANDARD = gnu11;
				GCC_NO_COMMON_BLOCKS = YES;
				GCC_WARN_64_TO_32_BIT_CONVERSION = YES;
				GCC_WARN_ABOUT_RETURN_TYPE = YES_ERROR;
				GCC_WARN_UNDECLARED_SELECTOR = YES;
				GCC_WARN_UNINITIALIZED_AUTOS = YES_AGGRESSIVE;
				GCC_WARN_UNUSED_FUNCTION = YES;
				GCC_WARN_UNUSED_VARIABLE = YES;
				IPHONEOS_DEPLOYMENT_TARGET = 13.6;
				MTL_ENABLE_DEBUG_INFO = NO;
				MTL_FAST_MATH = YES;
				SDKROOT = iphoneos;
				SWIFT_COMPILATION_MODE = wholemodule;
				SWIFT_OPTIMIZATION_LEVEL = "-O";
				VALIDATE_PRODUCT = YES;
			};
			name = Release;
		};
		CFE175F424EC4EB700E709BC /* Debug */ = {
			isa = XCBuildConfiguration;
			buildSettings = {
				ASSETCATALOG_COMPILER_APPICON_NAME = AppIcon;
				CODE_SIGN_STYLE = Automatic;
				DEVELOPMENT_TEAM = 482J99T69B;
				INFOPLIST_FILE = "Reddit Code Challenge/Info.plist";
				LD_RUNPATH_SEARCH_PATHS = (
					"$(inherited)",
					"@executable_path/Frameworks",
				);
				PRODUCT_BUNDLE_IDENTIFIER = "com.analogpotato.Reddit-Code-Challenge";
				PRODUCT_NAME = "$(TARGET_NAME)";
				SWIFT_VERSION = 5.0;
				TARGETED_DEVICE_FAMILY = "1,2";
			};
			name = Debug;
		};
		CFE175F524EC4EB700E709BC /* Release */ = {
			isa = XCBuildConfiguration;
			buildSettings = {
				ASSETCATALOG_COMPILER_APPICON_NAME = AppIcon;
				CODE_SIGN_STYLE = Automatic;
				DEVELOPMENT_TEAM = 482J99T69B;
				INFOPLIST_FILE = "Reddit Code Challenge/Info.plist";
				LD_RUNPATH_SEARCH_PATHS = (
					"$(inherited)",
					"@executable_path/Frameworks",
				);
				PRODUCT_BUNDLE_IDENTIFIER = "com.analogpotato.Reddit-Code-Challenge";
				PRODUCT_NAME = "$(TARGET_NAME)";
				SWIFT_VERSION = 5.0;
				TARGETED_DEVICE_FAMILY = "1,2";
			};
			name = Release;
		};
/* End XCBuildConfiguration section */

/* Begin XCConfigurationList section */
		CFE175DA24EC4EB600E709BC /* Build configuration list for PBXProject "Reddit Code Challenge" */ = {
			isa = XCConfigurationList;
			buildConfigurations = (
				CFE175F124EC4EB700E709BC /* Debug */,
				CFE175F224EC4EB700E709BC /* Release */,
			);
			defaultConfigurationIsVisible = 0;
			defaultConfigurationName = Release;
		};
		CFE175F324EC4EB700E709BC /* Build configuration list for PBXNativeTarget "Reddit Code Challenge" */ = {
			isa = XCConfigurationList;
			buildConfigurations = (
				CFE175F424EC4EB700E709BC /* Debug */,
				CFE175F524EC4EB700E709BC /* Release */,
			);
			defaultConfigurationIsVisible = 0;
			defaultConfigurationName = Release;
		};
/* End XCConfigurationList section */
	};
	rootObject = CFE175D724EC4EB600E709BC /* Project object */;
}
